
Microsoft Visual Studio Solution File, Format Version 12.00
# Visual Studio 15
VisualStudioVersion = 15.0.28307.960
MinimumVisualStudioVersion = 10.0.40219.1
Project("{FAE04EC0-301F-11D3-BF4B-00C04F79EFBC}") = "Asteroids", "Asteroids\Asteroids.csproj", "{DFA4454E-B385-421D-BD06-3E1A52BA13DD}"
EndProject
Global
	GlobalSection(SolutionConfigurationPlatforms) = preSolution
		Debug|Any CPU = Debug|Any CPU
		Release|Any CPU = Release|Any CPU
	EndGlobalSection
	GlobalSection(ProjectConfigurationPlatforms) = postSolution
		{DFA4454E-B385-421D-BD06-3E1A52BA13DD}.Debug|Any CPU.ActiveCfg = Debug|Any CPU
		{DFA4454E-B385-421D-BD06-3E1A52BA13DD}.Debug|Any CPU.Build.0 = Debug|Any CPU
		{DFA4454E-B385-421D-BD06-3E1A52BA13DD}.Release|Any CPU.ActiveCfg = Release|Any CPU
		{DFA4454E-B385-421D-BD06-3E1A52BA13DD}.Release|Any CPU.Build.0 = Release|Any CPU
	EndGlobalSection
	GlobalSection(SolutionProperties) = preSolution
		HideSolutionNode = FALSE
	EndGlobalSection
	GlobalSection(ExtensibilityGlobals) = postSolution
		SolutionGuid = {5C398AFF-FB36-4C80-930D-4B3B1ADEB7D6}
	EndGlobalSection
EndGlobal
